
Microsoft Visual Studio Solution File, Format Version 12.00
# Visual Studio 15
VisualStudioVersion = 15.0.28307.168
MinimumVisualStudioVersion = 10.0.40219.1
Project("{FAE04EC0-301F-11D3-BF4B-00C04F79EFBC}") = "DemoGIT", "DemoGIT\DemoGIT.csproj", "{6EB45CB4-F128-42D8-9351-16D65C6D8FE3}"
EndProject
Global
	GlobalSection(SolutionConfigurationPlatforms) = preSolution
		Debug|Any CPU = Debug|Any CPU
		Release|Any CPU = Release|Any CPU
	EndGlobalSection
	GlobalSection(ProjectConfigurationPlatforms) = postSolution
		{6EB45CB4-F128-42D8-9351-16D65C6D8FE3}.Debug|Any CPU.ActiveCfg = Debug|Any CPU
		{6EB45CB4-F128-42D8-9351-16D65C6D8FE3}.Debug|Any CPU.Build.0 = Debug|Any CPU
		{6EB45CB4-F128-42D8-9351-16D65C6D8FE3}.Release|Any CPU.ActiveCfg = Release|Any CPU
		{6EB45CB4-F128-42D8-9351-16D65C6D8FE3}.Release|Any CPU.Build.0 = Release|Any CPU
	EndGlobalSection
	GlobalSection(SolutionProperties) = preSolution
		HideSolutionNode = FALSE
	EndGlobalSection
	GlobalSection(ExtensibilityGlobals) = postSolution
		SolutionGuid = {24C3BEA8-9681-4FF1-BF29-C1CFD9A8C038}
	EndGlobalSection
EndGlobal
